
Microsoft Visual Studio Solution File, Format Version 12.00
# Visual Studio Version 17
VisualStudioVersion = 17.14.36908.2 d17.14
MinimumVisualStudioVersion = 10.0.40219.1
Project("{FAE04EC0-301F-11D3-BF4B-00C04F79EFBC}") = "Tehtävä 7 - Väritetyt tavarat", "Tehtävä 7 - Väritetyt tavarat.csproj", "{46A06A38-E945-4886-9808-41966511280C}"
EndProject
Global
	GlobalSection(SolutionConfigurationPlatforms) = preSolution
		Debug|Any CPU = Debug|Any CPU
		Release|Any CPU = Release|Any CPU
	EndGlobalSection
	GlobalSection(ProjectConfigurationPlatforms) = postSolution
		{46A06A38-E945-4886-9808-41966511280C}.Debug|Any CPU.ActiveCfg = Debug|Any CPU
		{46A06A38-E945-4886-9808-41966511280C}.Debug|Any CPU.Build.0 = Debug|Any CPU
		{46A06A38-E945-4886-9808-41966511280C}.Release|Any CPU.ActiveCfg = Release|Any CPU
		{46A06A38-E945-4886-9808-41966511280C}.Release|Any CPU.Build.0 = Release|Any CPU
	EndGlobalSection
	GlobalSection(SolutionProperties) = preSolution
		HideSolutionNode = FALSE
	EndGlobalSection
	GlobalSection(ExtensibilityGlobals) = postSolution
		SolutionGuid = {191DCAF5-25F5-4C4A-9CAF-0DC3120E6E95}
	EndGlobalSection
EndGlobal
