
Microsoft Visual Studio Solution File, Format Version 12.00
# Visual Studio Version 17
VisualStudioVersion = 17.14.36908.2 d17.14
MinimumVisualStudioVersion = 10.0.40219.1
Project("{FAE04EC0-301F-11D3-BF4B-00C04F79EFBC}") = "Tehtävä_2-Ruoka-annos-Generaattori", "Tehtävä_2-Ruoka-annos-Generaattori.csproj", "{14D6B6DF-ADDF-447F-8CB1-3DF8FE8ED93B}"
EndProject
Global
	GlobalSection(SolutionConfigurationPlatforms) = preSolution
		Debug|Any CPU = Debug|Any CPU
		Release|Any CPU = Release|Any CPU
	EndGlobalSection
	GlobalSection(ProjectConfigurationPlatforms) = postSolution
		{14D6B6DF-ADDF-447F-8CB1-3DF8FE8ED93B}.Debug|Any CPU.ActiveCfg = Debug|Any CPU
		{14D6B6DF-ADDF-447F-8CB1-3DF8FE8ED93B}.Debug|Any CPU.Build.0 = Debug|Any CPU
		{14D6B6DF-ADDF-447F-8CB1-3DF8FE8ED93B}.Release|Any CPU.ActiveCfg = Release|Any CPU
		{14D6B6DF-ADDF-447F-8CB1-3DF8FE8ED93B}.Release|Any CPU.Build.0 = Release|Any CPU
	EndGlobalSection
	GlobalSection(SolutionProperties) = preSolution
		HideSolutionNode = FALSE
	EndGlobalSection
	GlobalSection(ExtensibilityGlobals) = postSolution
		SolutionGuid = {CCE154CA-7EA4-4FCD-852C-0C2C3737BB6D}
	EndGlobalSection
EndGlobal
